
Microsoft Visual Studio Solution File, Format Version 12.00
# Visual Studio 14
VisualStudioVersion = 14.0.23107.0
MinimumVisualStudioVersion = 10.0.40219.1
Project("{FAE04EC0-301F-11D3-BF4B-00C04F79EFBC}") = "AcceptanceTests", "AcceptanceTests\AcceptanceTests.csproj", "{D1932D4B-517E-4100-A2FD-52EE9DAB79D5}"
EndProject
Global
	GlobalSection(SolutionConfigurationPlatforms) = preSolution
		Debug|Any CPU = Debug|Any CPU
		Release|Any CPU = Release|Any CPU
	EndGlobalSection
	GlobalSection(ProjectConfigurationPlatforms) = postSolution
		{D1932D4B-517E-4100-A2FD-52EE9DAB79D5}.Debug|Any CPU.ActiveCfg = Debug|Any CPU
		{D1932D4B-517E-4100-A2FD-52EE9DAB79D5}.Debug|Any CPU.Build.0 = Debug|Any CPU
		{D1932D4B-517E-4100-A2FD-52EE9DAB79D5}.Release|Any CPU.ActiveCfg = Release|Any CPU
		{D1932D4B-517E-4100-A2FD-52EE9DAB79D5}.Release|Any CPU.Build.0 = Release|Any CPU
	EndGlobalSection
	GlobalSection(SolutionProperties) = preSolution
		HideSolutionNode = FALSE
	EndGlobalSection
EndGlobal
